
Microsoft Visual Studio Solution File, Format Version 12.00
# Visual Studio Version 17
VisualStudioVersion = 17.11.35327.3
MinimumVisualStudioVersion = 10.0.40219.1
Project("{FAE04EC0-301F-11D3-BF4B-00C04F79EFBC}") = "CadastroEventoApp", "CadastroEventoApp.csproj", "{563E1505-2EC6-43F3-9013-6B78A747417A}"
EndProject
Global
	GlobalSection(SolutionConfigurationPlatforms) = preSolution
		Debug|Any CPU = Debug|Any CPU
		Release|Any CPU = Release|Any CPU
	EndGlobalSection
	GlobalSection(ProjectConfigurationPlatforms) = postSolution
		{563E1505-2EC6-43F3-9013-6B78A747417A}.Debug|Any CPU.ActiveCfg = Debug|Any CPU
		{563E1505-2EC6-43F3-9013-6B78A747417A}.Debug|Any CPU.Build.0 = Debug|Any CPU
		{563E1505-2EC6-43F3-9013-6B78A747417A}.Debug|Any CPU.Deploy.0 = Debug|Any CPU
		{563E1505-2EC6-43F3-9013-6B78A747417A}.Release|Any CPU.ActiveCfg = Release|Any CPU
		{563E1505-2EC6-43F3-9013-6B78A747417A}.Release|Any CPU.Build.0 = Release|Any CPU
		{563E1505-2EC6-43F3-9013-6B78A747417A}.Release|Any CPU.Deploy.0 = Release|Any CPU
	EndGlobalSection
	GlobalSection(SolutionProperties) = preSolution
		HideSolutionNode = FALSE
	EndGlobalSection
	GlobalSection(ExtensibilityGlobals) = postSolution
		SolutionGuid = {11F5FB3D-5F91-45EF-8347-F48938C8033E}
	EndGlobalSection
EndGlobal
